<Solution>
  <Project Path="XCharts.Editor.csproj" />
  <Project Path="XCharts.Runtime.csproj" />
  <Project Path="Assembly-CSharp.csproj" />
  <Project Path="NaughtyAttributes.Test.csproj" />
  <Project Path="VzDev.csproj" />
  <Project Path="MeshBakerEditor.csproj" />
  <Project Path="XCharts.Examples.csproj" />
  <Project Path="NaughtyAttributes.Editor.csproj" />
  <Project Path="NaughtyAttributes.Core.csproj" />
  <Project Path="IngameDebugConsole.Runtime.csproj" />
  <Project Path="MeshBakerExamples.csproj" />
  <Project Path="Unity.TextMeshPro.Editor.csproj" />
  <Project Path="MeshBakerCore.csproj" />
  <Project Path="Tayx.Graphy.csproj" />
  <Project Path="Assembly-CSharp-Editor.csproj" />
  <Project Path="Unified.Universal.Blur.csproj" />
  <Project Path="DOTween.Custom.csproj" />
  <Project Path="Unified.Universal.Blur.Editor.csproj" />
  <Project Path="Tayx.Graphy.Editor.csproj" />
  <Project Path="IngameDebugConsole.Editor.csproj" />
  <Project Path="UnityPlayModeSaver.csproj" />
  <Project Path="UnityPlayModeSaverEditor.csproj" />
</Solution>
